# Generated by pub
# See https://dart.dev/tools/pub/glossary#lockfile
packages:
  _fe_analyzer_shared:
    dependency: transitive
    description:
      name: _fe_analyzer_shared
      sha256: "0b2f2bd91ba804e53a61d757b986f89f1f9eaed5b11e4b2f5a2468d86d6c9fc7"
      url: "https://pub.dev"
    source: hosted
    version: "67.0.0"
  alice:
    dependency: "direct dev"
    description:
      path: ".."
      relative: true
    source: path
    version: "0.6.6"
  analyzer:
    dependency: transitive
    description:
      name: analyzer
      sha256: "37577842a27e4338429a1cbc32679d508836510b056f1eedf0c8d20e39c1383d"
      url: "https://pub.dev"
    source: hosted
    version: "6.4.1"
  args:
    dependency: transitive
    description:
      name: args
      sha256: b003c3098049a51720352d219b0bb5f219b60fbfb68e7a4748139a06a5676515
      url: "https://pub.dev"
    source: hosted
    version: "2.3.1"
  async:
    dependency: transitive
    description:
      name: async
      sha256: "271b8899fc99f9df4f4ed419fa14e2fff392c7b2c162fbb87b222e2e963ddc73"
      url: "https://pub.dev"
    source: hosted
    version: "2.9.0"
  build:
    dependency: transitive
    description:
      name: build
      sha256: "80184af8b6cb3e5c1c4ec6d8544d27711700bc3e6d2efad04238c7b5290889f0"
      url: "https://pub.dev"
    source: hosted
    version: "2.4.1"
  build_config:
    dependency: transitive
    description:
      name: build_config
      sha256: "5b7355c14258f5e7df24bad1566f7b991de3e54aeacfb94e1a65e5233d9739c1"
      url: "https://pub.dev"
    source: hosted
    version: "1.1.0"
  build_daemon:
    dependency: transitive
    description:
      name: build_daemon
      sha256: "5f02d73eb2ba16483e693f80bee4f088563a820e47d1027d4cdfe62b5bb43e65"
      url: "https://pub.dev"
    source: hosted
    version: "4.0.0"
  build_resolvers:
    dependency: transitive
    description:
      name: build_resolvers
      sha256: "6c4dd11d05d056e76320b828a1db0fc01ccd376922526f8e9d6c796a5adbac20"
      url: "https://pub.dev"
    source: hosted
    version: "2.2.1"
  build_runner:
    dependency: "direct dev"
    description:
      name: build_runner
      sha256: "10c6bcdbf9d049a0b666702cf1cee4ddfdc38f02a19d35ae392863b47519848b"
      url: "https://pub.dev"
    source: hosted
    version: "2.4.6"
  build_runner_core:
    dependency: transitive
    description:
      name: build_runner_core
      sha256: f4d6244cc071ba842c296cb1c4ee1b31596b9f924300647ac7a1445493471a3f
      url: "https://pub.dev"
    source: hosted
    version: "7.2.3"
  built_collection:
    dependency: transitive
    description:
      name: built_collection
      sha256: "376e3dd27b51ea877c28d525560790aee2e6fbb5f20e2f85d5081027d94e2100"
      url: "https://pub.dev"
    source: hosted
    version: "5.1.1"
  built_value:
    dependency: transitive
    description:
      name: built_value
      sha256: d7a9cd57c215bdf8d502772447aa6b52a8ab3f956d25d5fdea6ef1df2d2dad60
      url: "https://pub.dev"
    source: hosted
    version: "8.4.1"
  characters:
    dependency: transitive
    description:
      name: characters
      sha256: f71061c654a3380576a52b451dd5532377954cf9dbd272a78fc8479606670803
      url: "https://pub.dev"
    source: hosted
    version: "1.4.0"
  checked_yaml:
    dependency: transitive
    description:
      name: checked_yaml
      sha256: dd007e4fb8270916820a0d66e24f619266b60773cddd082c6439341645af2659
      url: "https://pub.dev"
    source: hosted
    version: "2.0.1"
  chopper:
    dependency: "direct main"
    description:
      name: chopper
      sha256: "1b6280ec22841b844448bec8ef2644d9cbe9ea8dfce13ec9cab9e8d3aac3830d"
      url: "https://pub.dev"
    source: hosted
    version: "7.4.0"
  chopper_generator:
    dependency: "direct dev"
    description:
      name: chopper_generator
      sha256: "2984ed8589132aa8fd8225482038cad2bd576405e3751aa237d466870f5dad42"
      url: "https://pub.dev"
    source: hosted
    version: "7.4.0"
  clock:
    dependency: transitive
    description:
      name: clock
      sha256: cb6d7f03e1de671e34607e909a7213e31d7752be4fb66a86d29fe1eb14bfb5cf
      url: "https://pub.dev"
    source: hosted
    version: "1.1.1"
  code_builder:
    dependency: transitive
    description:
      name: code_builder
      sha256: f692079e25e7869c14132d39f223f8eec9830eb76131925143b2129c4bb01b37
      url: "https://pub.dev"
    source: hosted
    version: "4.10.0"
  collection:
    dependency: transitive
    description:
      name: collection
      sha256: "2f5709ae4d3d59dd8f7cd309b4e023046b57d8a6c82130785d2b0e5868084e76"
      url: "https://pub.dev"
    source: hosted
    version: "1.19.1"
  convert:
    dependency: transitive
    description:
      name: convert
      sha256: "196284f26f69444b7f5c50692b55ec25da86d9e500451dc09333bf2e3ad69259"
      url: "https://pub.dev"
    source: hosted
    version: "3.0.2"
  cross_file:
    dependency: transitive
    description:
      name: cross_file
      sha256: "7caf6a750a0c04effbb52a676dce9a4a592e10ad35c34d6d2d0e4811160d5670"
      url: "https://pub.dev"
    source: hosted
    version: "0.3.4+2"
  crypto:
    dependency: transitive
    description:
      name: crypto
      sha256: aa274aa7774f8964e4f4f38cc994db7b6158dd36e9187aaceaddc994b35c6c67
      url: "https://pub.dev"
    source: hosted
    version: "3.0.2"
  dart_style:
    dependency: transitive
    description:
      name: dart_style
      sha256: "99e066ce75c89d6b29903d788a7bb9369cf754f7b24bf70bf4b6d6d6b26853b9"
      url: "https://pub.dev"
    source: hosted
    version: "2.3.6"
  dbus:
    dependency: transitive
    description:
      name: dbus
      sha256: "6f07cba3f7b3448d42d015bfd3d53fe12e5b36da2423f23838efc1d5fb31a263"
      url: "https://pub.dev"
    source: hosted
    version: "0.7.8"
  dio:
    dependency: transitive
    description:
      name: dio
      sha256: d90ee57923d1828ac14e492ca49440f65477f4bb1263575900be731a3dac66a9
      url: "https://pub.dev"
    source: hosted
    version: "5.9.0"
  dio_web_adapter:
    dependency: transitive
    description:
      name: dio_web_adapter
      sha256: "7586e476d70caecaf1686d21eee7247ea43ef5c345eab9e0cc3583ff13378d78"
      url: "https://pub.dev"
    source: hosted
    version: "2.1.1"
  equatable:
    dependency: transitive
    description:
      name: equatable
      sha256: c2b87cb7756efdf69892005af546c56c0b5037f54d2a88269b4f347a505e3ca2
      url: "https://pub.dev"
    source: hosted
    version: "2.0.5"
  ffi:
    dependency: transitive
    description:
      name: ffi
      sha256: "16ed7b077ef01ad6170a3d0c57caa4a112a38d7a2ed5602e0aca9ca6f3d98da6"
      url: "https://pub.dev"
    source: hosted
    version: "2.1.3"
  file:
    dependency: transitive
    description:
      name: file
      sha256: "1b92bec4fc2a72f59a8e15af5f52cd441e4a7860b49499d69dfa817af20e925d"
      url: "https://pub.dev"
    source: hosted
    version: "6.1.4"
  fixnum:
    dependency: transitive
    description:
      name: fixnum
      sha256: "04be3e934c52e082558cc9ee21f42f5c1cd7a1262f4c63cd0357c08d5bba81ec"
      url: "https://pub.dev"
    source: hosted
    version: "1.0.1"
  flutter:
    dependency: "direct main"
    description: flutter
    source: sdk
    version: "0.0.0"
  flutter_local_notifications:
    dependency: transitive
    description:
      name: flutter_local_notifications
      sha256: "76cd20bcfa72fabe50ea27eeaf165527f446f55d3033021462084b87805b4cac"
      url: "https://pub.dev"
    source: hosted
    version: "20.0.0"
  flutter_local_notifications_linux:
    dependency: transitive
    description:
      name: flutter_local_notifications_linux
      sha256: dce0116868cedd2cdf768af0365fc37ff1cbef7c02c4f51d0587482e625868d0
      url: "https://pub.dev"
    source: hosted
    version: "7.0.0"
  flutter_local_notifications_platform_interface:
    dependency: transitive
    description:
      name: flutter_local_notifications_platform_interface
      sha256: "23de31678a48c084169d7ae95866df9de5c9d2a44be3e5915a2ff067aeeba899"
      url: "https://pub.dev"
    source: hosted
    version: "10.0.0"
  flutter_local_notifications_windows:
    dependency: transitive
    description:
      name: flutter_local_notifications_windows
      sha256: "7ddd964fa85b6a23e96956c5b63ef55cdb9e5947b71b95712204db42ad46da61"
      url: "https://pub.dev"
    source: hosted
    version: "2.0.0"
  flutter_web_plugins:
    dependency: transitive
    description: flutter
    source: sdk
    version: "0.0.0"
  frontend_server_client:
    dependency: transitive
    description:
      name: frontend_server_client
      sha256: "408e3ca148b31c20282ad6f37ebfa6f4bdc8fede5b74bc2f08d9d92b55db3612"
      url: "https://pub.dev"
    source: hosted
    version: "3.2.0"
  glob:
    dependency: transitive
    description:
      name: glob
      sha256: c51b4fdfee4d281f49b8c957f1add91b815473597f76bcf07377987f66a55729
      url: "https://pub.dev"
    source: hosted
    version: "2.1.0"
  graphs:
    dependency: transitive
    description:
      name: graphs
      sha256: aedc5a15e78fc65a6e23bcd927f24c64dd995062bcd1ca6eda65a3cff92a4d19
      url: "https://pub.dev"
    source: hosted
    version: "2.3.1"
  http:
    dependency: transitive
    description:
      name: http
      sha256: "87721a4a50b19c7f1d49001e51409bddc46303966ce89a65af4f4e6004896412"
      url: "https://pub.dev"
    source: hosted
    version: "1.6.0"
  http_multi_server:
    dependency: transitive
    description:
      name: http_multi_server
      sha256: "97486f20f9c2f7be8f514851703d0119c3596d14ea63227af6f7a481ef2b2f8b"
      url: "https://pub.dev"
    source: hosted
    version: "3.2.1"
  http_parser:
    dependency: transitive
    description:
      name: http_parser
      sha256: db3060f22889f3d9d55f6a217565486737037eec3609f7f3eca4d0c67ee0d8a0
      url: "https://pub.dev"
    source: hosted
    version: "4.0.1"
  io:
    dependency: transitive
    description:
      name: io
      sha256: "0d4c73c3653ab85bf696d51a9657604c900a370549196a91f33e4c39af760852"
      url: "https://pub.dev"
    source: hosted
    version: "1.0.3"
  js:
    dependency: transitive
    description:
      name: js
      sha256: f2c445dce49627136094980615a031419f7f3eb393237e4ecd97ac15dea343f3
      url: "https://pub.dev"
    source: hosted
    version: "0.6.7"
  json_annotation:
    dependency: transitive
    description:
      name: json_annotation
      sha256: cb314f00b2488de7bc575207e54402cd2f92363f333a7933fd1b0631af226baa
      url: "https://pub.dev"
    source: hosted
    version: "4.6.0"
  logging:
    dependency: transitive
    description:
      name: logging
      sha256: "623a88c9594aa774443aa3eb2d41807a48486b5613e67599fb4c41c0ad47c340"
      url: "https://pub.dev"
    source: hosted
    version: "1.2.0"
  matcher:
    dependency: transitive
    description:
      name: matcher
      sha256: "80c2989398773fa06e2457e9ff08580f24e9858b28462a722241cb53e5613478"
      url: "https://pub.dev"
    source: hosted
    version: "0.12.12"
  material_color_utilities:
    dependency: transitive
    description:
      name: material_color_utilities
      sha256: f7142bb1154231d7ea5f96bc7bde4bda2a0945d2806bb11670e30b850d56bdec
      url: "https://pub.dev"
    source: hosted
    version: "0.11.1"
  meta:
    dependency: transitive
    description:
      name: meta
      sha256: "23f08335362185a5ea2ad3a4e597f1375e78bce8a040df5c600c8d3552ef2394"
      url: "https://pub.dev"
    source: hosted
    version: "1.17.0"
  mime:
    dependency: transitive
    description:
      name: mime
      sha256: e4ff8e8564c03f255408decd16e7899da1733852a9110a58fe6d1b817684a63e
      url: "https://pub.dev"
    source: hosted
    version: "1.0.4"
  open_file:
    dependency: transitive
    description:
      name: open_file
      sha256: b22decdae85b459eac24aeece48f33845c6f16d278a9c63d75c5355345ca236b
      url: "https://pub.dev"
    source: hosted
    version: "3.5.11"
  open_file_android:
    dependency: transitive
    description:
      name: open_file_android
      sha256: "58141fcaece2f453a9684509a7275f231ac0e3d6ceb9a5e6de310a7dff9084aa"
      url: "https://pub.dev"
    source: hosted
    version: "1.0.6"
  open_file_ios:
    dependency: transitive
    description:
      name: open_file_ios
      sha256: a5acd07ba1f304f807a97acbcc489457e1ad0aadff43c467987dd9eef814098f
      url: "https://pub.dev"
    source: hosted
    version: "1.0.4"
  open_file_linux:
    dependency: transitive
    description:
      name: open_file_linux
      sha256: d189f799eecbb139c97f8bc7d303f9e720954fa4e0fa1b0b7294767e5f2d7550
      url: "https://pub.dev"
    source: hosted
    version: "0.0.5"
  open_file_mac:
    dependency: transitive
    description:
      name: open_file_mac
      sha256: cd293f6750de6438ab2390513c99128ade8c974825d4d8128886d1cda8c64d01
      url: "https://pub.dev"
    source: hosted
    version: "1.0.4"
  open_file_platform_interface:
    dependency: transitive
    description:
      name: open_file_platform_interface
      sha256: "101b424ca359632699a7e1213e83d025722ab668b9fd1412338221bf9b0e5757"
      url: "https://pub.dev"
    source: hosted
    version: "1.0.3"
  open_file_web:
    dependency: transitive
    description:
      name: open_file_web
      sha256: e3dbc9584856283dcb30aef5720558b90f88036360bd078e494ab80a80130c4f
      url: "https://pub.dev"
    source: hosted
    version: "0.0.4"
  open_file_windows:
    dependency: transitive
    description:
      name: open_file_windows
      sha256: d26c31ddf935a94a1a3aa43a23f4fff8a5ff4eea395fe7a8cb819cf55431c875
      url: "https://pub.dev"
    source: hosted
    version: "0.0.3"
  package_config:
    dependency: transitive
    description:
      name: package_config
      sha256: "1c5b77ccc91e4823a5af61ee74e6b972db1ef98c2ff5a18d3161c982a55448bd"
      url: "https://pub.dev"
    source: hosted
    version: "2.1.0"
  package_info_plus:
    dependency: transitive
    description:
      name: package_info_plus
      sha256: f69da0d3189a4b4ceaeb1a3defb0f329b3b352517f52bed4290f83d4f06bc08d
      url: "https://pub.dev"
    source: hosted
    version: "9.0.0"
  package_info_plus_platform_interface:
    dependency: transitive
    description:
      name: package_info_plus_platform_interface
      sha256: "202a487f08836a592a6bd4f901ac69b3a8f146af552bbd14407b6b41e1c3f086"
      url: "https://pub.dev"
    source: hosted
    version: "3.2.1"
  path:
    dependency: transitive
    description:
      name: path
      sha256: db9d4f58c908a4ba5953fcee2ae317c94889433e5024c27ce74a37f94267945b
      url: "https://pub.dev"
    source: hosted
    version: "1.8.2"
  path_provider:
    dependency: "direct main"
    description:
      name: path_provider
      sha256: "50c5dd5b6e1aaf6fb3a78b33f6aa3afca52bf903a8a5298f53101fdaee55bbcd"
      url: "https://pub.dev"
    source: hosted
    version: "2.1.5"
  path_provider_android:
    dependency: transitive
    description:
      name: path_provider_android
      sha256: c464428172cb986b758c6d1724c603097febb8fb855aa265aeecc9280c294d4a
      url: "https://pub.dev"
    source: hosted
    version: "2.2.12"
  path_provider_foundation:
    dependency: transitive
    description:
      name: path_provider_foundation
      sha256: "5a7999be66e000916500be4f15a3633ebceb8302719b47b9cc49ce924125350f"
      url: "https://pub.dev"
    source: hosted
    version: "2.3.2"
  path_provider_linux:
    dependency: transitive
    description:
      name: path_provider_linux
      sha256: f7a1fe3a634fe7734c8d3f2766ad746ae2a2884abe22e241a8b301bf5cac3279
      url: "https://pub.dev"
    source: hosted
    version: "2.2.1"
  path_provider_platform_interface:
    dependency: transitive
    description:
      name: path_provider_platform_interface
      sha256: "94b1e0dd80970c1ce43d5d4e050a9918fce4f4a775e6142424c30a29a363265c"
      url: "https://pub.dev"
    source: hosted
    version: "2.1.1"
  path_provider_windows:
    dependency: transitive
    description:
      name: path_provider_windows
      sha256: "8bc9f22eee8690981c22aa7fc602f5c85b497a6fb2ceb35ee5a5e5ed85ad8170"
      url: "https://pub.dev"
    source: hosted
    version: "2.2.1"
  permission_handler:
    dependency: transitive
    description:
      name: permission_handler
      sha256: bc917da36261b00137bbc8896bf1482169cd76f866282368948f032c8c1caae1
      url: "https://pub.dev"
    source: hosted
    version: "12.0.1"
  permission_handler_android:
    dependency: transitive
    description:
      name: permission_handler_android
      sha256: "1e3bc410ca1bf84662104b100eb126e066cb55791b7451307f9708d4007350e6"
      url: "https://pub.dev"
    source: hosted
    version: "13.0.1"
  permission_handler_apple:
    dependency: transitive
    description:
      name: permission_handler_apple
      sha256: f84a188e79a35c687c132a0a0556c254747a08561e99ab933f12f6ca71ef3c98
      url: "https://pub.dev"
    source: hosted
    version: "9.4.6"
  permission_handler_html:
    dependency: transitive
    description:
      name: permission_handler_html
      sha256: "54bf176b90f6eddd4ece307e2c06cf977fb3973719c35a93b85cc7093eb6070d"
      url: "https://pub.dev"
    source: hosted
    version: "0.1.1"
  permission_handler_platform_interface:
    dependency: transitive
    description:
      name: permission_handler_platform_interface
      sha256: eb99b295153abce5d683cac8c02e22faab63e50679b937fa1bf67d58bb282878
      url: "https://pub.dev"
    source: hosted
    version: "4.3.0"
  permission_handler_windows:
    dependency: transitive
    description:
      name: permission_handler_windows
      sha256: "1a790728016f79a41216d88672dbc5df30e686e811ad4e698bfc51f76ad91f1e"
      url: "https://pub.dev"
    source: hosted
    version: "0.2.1"
  petitparser:
    dependency: transitive
    description:
      name: petitparser
      sha256: c15605cd28af66339f8eb6fbe0e541bfe2d1b72d5825efc6598f3e0a31b9ad27
      url: "https://pub.dev"
    source: hosted
    version: "6.0.2"
  platform:
    dependency: transitive
    description:
      name: platform
      sha256: "4a451831508d7d6ca779f7ac6e212b4023dd5a7d08a27a63da33756410e32b76"
      url: "https://pub.dev"
    source: hosted
    version: "3.1.0"
  plugin_platform_interface:
    dependency: transitive
    description:
      name: plugin_platform_interface
      sha256: "4820fbfdb9478b1ebae27888254d445073732dae3d6ea81f0b7e06d5dedc3f02"
      url: "https://pub.dev"
    source: hosted
    version: "2.1.8"
  pool:
    dependency: transitive
    description:
      name: pool
      sha256: "20fe868b6314b322ea036ba325e6fc0711a22948856475e2c2b6306e8ab39c2a"
      url: "https://pub.dev"
    source: hosted
    version: "1.5.1"
  process:
    dependency: transitive
    description:
      name: process
      sha256: "53fd8db9cec1d37b0574e12f07520d582019cb6c44abf5479a01505099a34a09"
      url: "https://pub.dev"
    source: hosted
    version: "4.2.4"
  pub_semver:
    dependency: transitive
    description:
      name: pub_semver
      sha256: "40d3ab1bbd474c4c2328c91e3a7df8c6dd629b79ece4c4bd04bee496a224fb0c"
      url: "https://pub.dev"
    source: hosted
    version: "2.1.4"
  pubspec_parse:
    dependency: transitive
    description:
      name: pubspec_parse
      sha256: "75f6614d6dde2dc68948dffbaa4fe5dae32cd700eb9fb763fe11dfb45a3c4d0a"
      url: "https://pub.dev"
    source: hosted
    version: "1.2.1"
  qs_dart:
    dependency: transitive
    description:
      name: qs_dart
      sha256: "98a068f7224fe17b68028dbbd43dd48a6049d2de2175f50b2fad2e08f2811f0e"
      url: "https://pub.dev"
    source: hosted
    version: "1.3.2"
  recursive_regex:
    dependency: transitive
    description:
      name: recursive_regex
      sha256: f7252e3d3dfd1665e594d9fe035eca6bc54139b1f2fee38256fa427ea41adc60
      url: "https://pub.dev"
    source: hosted
    version: "1.0.0"
  rxdart:
    dependency: transitive
    description:
      name: rxdart
      sha256: "5c3004a4a8dbb94bd4bf5412a4def4acdaa12e12f269737a5751369e12d1a962"
      url: "https://pub.dev"
    source: hosted
    version: "0.28.0"
  sensors_plus:
    dependency: transitive
    description:
      name: sensors_plus
      sha256: "56e8cd4260d9ed8e00ecd8da5d9fdc8a1b2ec12345a750dfa51ff83fcf12e3fa"
      url: "https://pub.dev"
    source: hosted
    version: "7.0.0"
  sensors_plus_platform_interface:
    dependency: transitive
    description:
      name: sensors_plus_platform_interface
      sha256: "58815d2f5e46c0c41c40fb39375d3f127306f7742efe3b891c0b1c87e2b5cd5d"
      url: "https://pub.dev"
    source: hosted
    version: "2.0.1"
  share_plus:
    dependency: transitive
    description:
      name: share_plus
      sha256: "14c8860d4de93d3a7e53af51bff479598c4e999605290756bbbe45cf65b37840"
      url: "https://pub.dev"
    source: hosted
    version: "12.0.1"
  share_plus_platform_interface:
    dependency: transitive
    description:
      name: share_plus_platform_interface
      sha256: "88023e53a13429bd65d8e85e11a9b484f49d4c190abbd96c7932b74d6927cc9a"
      url: "https://pub.dev"
    source: hosted
    version: "6.1.0"
  shelf:
    dependency: transitive
    description:
      name: shelf
      sha256: "8ec607599dd0a78931a5114cdac7d609b6dbbf479a38acc9a6dba024b2a30ea0"
      url: "https://pub.dev"
    source: hosted
    version: "1.3.2"
  shelf_web_socket:
    dependency: transitive
    description:
      name: shelf_web_socket
      sha256: "6db16374bc3497d21aa0eebe674d3db9fdf82082aac0f04dc7b44e4af5b08afc"
      url: "https://pub.dev"
    source: hosted
    version: "1.0.2"
  sky_engine:
    dependency: transitive
    description: flutter
    source: sdk
    version: "0.0.0"
  source_gen:
    dependency: transitive
    description:
      name: source_gen
      sha256: "14658ba5f669685cd3d63701d01b31ea748310f7ab854e471962670abcf57832"
      url: "https://pub.dev"
    source: hosted
    version: "1.5.0"
  source_span:
    dependency: transitive
    description:
      name: source_span
      sha256: dd904f795d4b4f3b870833847c461801f6750a9fa8e61ea5ac53f9422b31f250
      url: "https://pub.dev"
    source: hosted
    version: "1.9.1"
  stack_trace:
    dependency: transitive
    description:
      name: stack_trace
      sha256: f8d9f247e2f9f90e32d1495ff32dac7e4ae34ffa7194c5ff8fcc0fd0e52df774
      url: "https://pub.dev"
    source: hosted
    version: "1.10.0"
  stream_channel:
    dependency: transitive
    description:
      name: stream_channel
      sha256: db47e4797198ee601990820437179bb90219f918962318d494ada2b4b11e6f6d
      url: "https://pub.dev"
    source: hosted
    version: "2.1.0"
  stream_transform:
    dependency: transitive
    description:
      name: stream_transform
      sha256: ed464977cb26a1f41537e177e190c67223dbd9f4f683489b6ab2e5d211ec564e
      url: "https://pub.dev"
    source: hosted
    version: "2.0.0"
  string_scanner:
    dependency: transitive
    description:
      name: string_scanner
      sha256: "862015c5db1f3f3c4ea3b94dc2490363a84262994b88902315ed74be1155612f"
      url: "https://pub.dev"
    source: hosted
    version: "1.1.1"
  term_glyph:
    dependency: transitive
    description:
      name: term_glyph
      sha256: a29248a84fbb7c79282b40b8c72a1209db169a2e0542bce341da992fe1bc7e84
      url: "https://pub.dev"
    source: hosted
    version: "1.2.1"
  timezone:
    dependency: transitive
    description:
      name: timezone
      sha256: ffc9d5f4d1193534ef051f9254063fa53d588609418c84299956c3db9383587d
      url: "https://pub.dev"
    source: hosted
    version: "0.10.0"
  timing:
    dependency: transitive
    description:
      name: timing
      sha256: c386d07d7f5efc613479a7c4d9d64b03710b03cfaa7e8ad5f2bfb295a1f0dfad
      url: "https://pub.dev"
    source: hosted
    version: "1.0.0"
  typed_data:
    dependency: transitive
    description:
      name: typed_data
      sha256: "26f87ade979c47a150c9eaab93ccd2bebe70a27dc0b4b29517f2904f04eb11a5"
      url: "https://pub.dev"
    source: hosted
    version: "1.3.1"
  url_launcher:
    dependency: transitive
    description:
      name: url_launcher
      sha256: f6a7e5c4835bb4e3026a04793a4199ca2d14c739ec378fdfe23fc8075d0439f8
      url: "https://pub.dev"
    source: hosted
    version: "6.3.2"
  url_launcher_android:
    dependency: transitive
    description:
      name: url_launcher_android
      sha256: ceb2625f0c24ade6ef6778d1de0b2e44f2db71fded235eb52295247feba8c5cf
      url: "https://pub.dev"
    source: hosted
    version: "6.3.3"
  url_launcher_ios:
    dependency: transitive
    description:
      name: url_launcher_ios
      sha256: "9149d493b075ed740901f3ee844a38a00b33116c7c5c10d7fb27df8987fb51d5"
      url: "https://pub.dev"
    source: hosted
    version: "6.2.5"
  url_launcher_linux:
    dependency: transitive
    description:
      name: url_launcher_linux
      sha256: e2b9622b4007f97f504cd64c0128309dfb978ae66adbe944125ed9e1750f06af
      url: "https://pub.dev"
    source: hosted
    version: "3.2.0"
  url_launcher_macos:
    dependency: transitive
    description:
      name: url_launcher_macos
      sha256: b7244901ea3cf489c5335bdacda07264a6e960b1c1b1a9f91e4bc371d9e68234
      url: "https://pub.dev"
    source: hosted
    version: "3.1.0"
  url_launcher_platform_interface:
    dependency: transitive
    description:
      name: url_launcher_platform_interface
      sha256: "552f8a1e663569be95a8190206a38187b531910283c3e982193e4f2733f01029"
      url: "https://pub.dev"
    source: hosted
    version: "2.3.2"
  url_launcher_web:
    dependency: transitive
    description:
      name: url_launcher_web
      sha256: "772638d3b34c779ede05ba3d38af34657a05ac55b06279ea6edd409e323dca8e"
      url: "https://pub.dev"
    source: hosted
    version: "2.3.3"
  url_launcher_windows:
    dependency: transitive
    description:
      name: url_launcher_windows
      sha256: "49c10f879746271804767cb45551ec5592cdab00ee105c06dddde1a98f73b185"
      url: "https://pub.dev"
    source: hosted
    version: "3.1.2"
  uuid:
    dependency: transitive
    description:
      name: uuid
      sha256: "648e103079f7c64a36dc7d39369cabb358d377078a051d6ae2ad3aa539519313"
      url: "https://pub.dev"
    source: hosted
    version: "3.0.7"
  vector_math:
    dependency: transitive
    description:
      name: vector_math
      sha256: d530bd74fea330e6e364cda7a85019c434070188383e1cd8d9777ee586914c5b
      url: "https://pub.dev"
    source: hosted
    version: "2.2.0"
  watcher:
    dependency: transitive
    description:
      name: watcher
      sha256: "3d2ad6751b3c16cf07c7fca317a1413b3f26530319181b37e3b9039b84fc01d8"
      url: "https://pub.dev"
    source: hosted
    version: "1.1.0"
  weak_map:
    dependency: transitive
    description:
      name: weak_map
      sha256: "5f8e5d5ce57dc624db5fae814dd689ccae1f17f92b426e52f0a7cbe7f6f4ab97"
      url: "https://pub.dev"
    source: hosted
    version: "4.0.1"
  web:
    dependency: transitive
    description:
      name: web
      sha256: cd3543bd5798f6ad290ea73d210f423502e71900302dde696f8bff84bf89a1cb
      url: "https://pub.dev"
    source: hosted
    version: "1.1.0"
  web_socket_channel:
    dependency: transitive
    description:
      name: web_socket_channel
      sha256: "3a969ddcc204a3e34e863d204b29c0752716f78b6f9cc8235083208d268a4ccd"
      url: "https://pub.dev"
    source: hosted
    version: "2.2.0"
  win32:
    dependency: transitive
    description:
      name: win32
      sha256: "84ba388638ed7a8cb3445a320c8273136ab2631cd5f2c57888335504ddab1bc2"
      url: "https://pub.dev"
    source: hosted
    version: "5.8.0"
  xdg_directories:
    dependency: transitive
    description:
      name: xdg_directories
      sha256: "11541eedefbcaec9de35aa82650b695297ce668662bbd6e3911a7fabdbde589f"
      url: "https://pub.dev"
    source: hosted
    version: "0.2.0+2"
  xml:
    dependency: transitive
    description:
      name: xml
      sha256: b015a8ad1c488f66851d762d3090a21c600e479dc75e68328c52774040cf9226
      url: "https://pub.dev"
    source: hosted
    version: "6.5.0"
  yaml:
    dependency: transitive
    description:
      name: yaml
      sha256: "75769501ea3489fca56601ff33454fe45507ea3bfb014161abc3b43ae25989d5"
      url: "https://pub.dev"
    source: hosted
    version: "3.1.2"
sdks:
  dart: ">=3.8.0 <4.0.0"
  flutter: ">=3.32.0"
